// !$*UTF8*$!
{
	archiveVersion = 1;
	classes = {
	};
	objectVersion = 56;
	objects = {

/* Begin PBXBuildFile section */
		AFD1115D29797E6200193173 /* AppDelegate.swift in Sources */ = {isa = PBXBuildFile; fileRef = AFD1115C29797E6200193173 /* AppDelegate.swift */; };
		AFD1116529797E6200193173 /* GameViewController.swift in Sources */ = {isa = PBXBuildFile; fileRef = AFD1116429797E6200193173 /* GameViewController.swift */; };
		AFD1116829797E6200193173 /* Main.storyboard in Resources */ = {isa = PBXBuildFile; fileRef = AFD1116629797E6200193173 /* Main.storyboard */; };
		AFD1116A29797E6200193173 /* Assets.xcassets in Resources */ = {isa = PBXBuildFile; fileRef = AFD1116929797E6200193173 /* Assets.xcassets */; };
		AFD1116D29797E6200193173 /* LaunchScreen.storyboard in Resources */ = {isa = PBXBuildFile; fileRef = AFD1116B29797E6200193173 /* LaunchScreen.storyboard */; };
		AFD1117429797EDE00193173 /* Bokeh.sks in Resources */ = {isa = PBXBuildFile; fileRef = AFD1117329797EDE00193173 /* Bokeh.sks */; };
		AFD1117629797EF600193173 /* Fire.sks in Resources */ = {isa = PBXBuildFile; fileRef = AFD1117529797EF600193173 /* Fire.sks */; };
		AFD111782979806000193173 /* Fireflies.sks in Resources */ = {isa = PBXBuildFile; fileRef = AFD111772979806000193173 /* Fireflies.sks */; };
		AFD1117A2979810B00193173 /* Magic.sks in Resources */ = {isa = PBXBuildFile; fileRef = AFD111792979810B00193173 /* Magic.sks */; };
		AFD1117C2979812100193173 /* Rain.sks in Resources */ = {isa = PBXBuildFile; fileRef = AFD1117B2979812100193173 /* Rain.sks */; };
		AFD1117E2979813700193173 /* Smoke.sks in Resources */ = {isa = PBXBuildFile; fileRef = AFD1117D2979813700193173 /* Smoke.sks */; };
		AFD111802979815100193173 /* Snow.sks in Resources */ = {isa = PBXBuildFile; fileRef = AFD1117F2979815100193173 /* Snow.sks */; };
		AFD111822979816300193173 /* Spark.sks in Resources */ = {isa = PBXBuildFile; fileRef = AFD111812979816300193173 /* Spark.sks */; };
		AFD111862979837800193173 /* GameScene.swift in Sources */ = {isa = PBXBuildFile; fileRef = AFD111852979837800193173 /* GameScene.swift */; };
/* End PBXBuildFile section */

/* Begin PBXFileReference section */
		AFD1115929797E6200193173 /* ParticleEffects.app */ = {isa = PBXFileReference; explicitFileType = wrapper.application; includeInIndex = 0; path = ParticleEffects.app; sourceTree = BUILT_PRODUCTS_DIR; };
		AFD1115C29797E6200193173 /* AppDelegate.swift */ = {isa = PBXFileReference; lastKnownFileType = sourcecode.swift; path = AppDelegate.swift; sourceTree = "<group>"; };
		AFD1116429797E6200193173 /* GameViewController.swift */ = {isa = PBXFileReference; lastKnownFileType = sourcecode.swift; path = GameViewController.swift; sourceTree = "<group>"; };
		AFD1116729797E6200193173 /* Base */ = {isa = PBXFileReference; lastKnownFileType = file.storyboard; name = Base; path = Base.lproj/Main.storyboard; sourceTree = "<group>"; };
		AFD1116929797E6200193173 /* Assets.xcassets */ = {isa = PBXFileReference; lastKnownFileType = folder.assetcatalog; path = Assets.xcassets; sourceTree = "<group>"; };
		AFD1116C29797E6200193173 /* Base */ = {isa = PBXFileReference; lastKnownFileType = file.storyboard; name = Base; path = Base.lproj/LaunchScreen.storyboard; sourceTree = "<group>"; };
		AFD1117329797EDE00193173 /* Bokeh.sks */ = {isa = PBXFileReference; lastKnownFileType = file.sks; path = Bokeh.sks; sourceTree = "<group>"; };
		AFD1117529797EF600193173 /* Fire.sks */ = {isa = PBXFileReference; lastKnownFileType = file.sks; path = Fire.sks; sourceTree = "<group>"; };
		AFD111772979806000193173 /* Fireflies.sks */ = {isa = PBXFileReference; lastKnownFileType = file.sks; path = Fireflies.sks; sourceTree = "<group>"; };
		AFD111792979810B00193173 /* Magic.sks */ = {isa = PBXFileReference; lastKnownFileType = file.sks; path = Magic.sks; sourceTree = "<group>"; };
		AFD1117B2979812100193173 /* Rain.sks */ = {isa = PBXFileReference; lastKnownFileType = file.sks; path = Rain.sks; sourceTree = "<group>"; };
		AFD1117D2979813700193173 /* Smoke.sks */ = {isa = PBXFileReference; lastKnownFileType = file.sks; path = Smoke.sks; sourceTree = "<group>"; };
		AFD1117F2979815100193173 /* Snow.sks */ = {isa = PBXFileReference; lastKnownFileType = file.sks; path = Snow.sks; sourceTree = "<group>"; };
		AFD111812979816300193173 /* Spark.sks */ = {isa = PBXFileReference; lastKnownFileType = file.sks; path = Spark.sks; sourceTree = "<group>"; };
		AFD111852979837800193173 /* GameScene.swift */ = {isa = PBXFileReference; lastKnownFileType = sourcecode.swift; path = GameScene.swift; sourceTree = "<group>"; };
/* End PBXFileReference section */

/* Begin PBXFrameworksBuildPhase section */
		AFD1115629797E6200193173 /* Frameworks */ = {
			isa = PBXFrameworksBuildPhase;
			buildActionMask = 2147483647;
			files = (
			);
			runOnlyForDeploymentPostprocessing = 0;
		};
/* End PBXFrameworksBuildPhase section */

/* Begin PBXGroup section */
		AFD1115029797E6200193173 = {
			isa = PBXGroup;
			children = (
				AFD1115B29797E6200193173 /* ParticleEffects */,
				AFD1115A29797E6200193173 /* Products */,
			);
			sourceTree = "<group>";
		};
		AFD1115A29797E6200193173 /* Products */ = {
			isa = PBXGroup;
			children = (
				AFD1115929797E6200193173 /* ParticleEffects.app */,
			);
			name = Products;
			sourceTree = "<group>";
		};
		AFD1115B29797E6200193173 /* ParticleEffects */ = {
			isa = PBXGroup;
			children = (
				AFD1115C29797E6200193173 /* AppDelegate.swift */,
				AFD1116429797E6200193173 /* GameViewController.swift */,
				AFD111852979837800193173 /* GameScene.swift */,
				AFD1116629797E6200193173 /* Main.storyboard */,
				AFD1116929797E6200193173 /* Assets.xcassets */,
				AFD1116B29797E6200193173 /* LaunchScreen.storyboard */,
				AFD1117329797EDE00193173 /* Bokeh.sks */,
				AFD1117529797EF600193173 /* Fire.sks */,
				AFD111772979806000193173 /* Fireflies.sks */,
				AFD111792979810B00193173 /* Magic.sks */,
				AFD1117B2979812100193173 /* Rain.sks */,
				AFD1117D2979813700193173 /* Smoke.sks */,
				AFD1117F2979815100193173 /* Snow.sks */,
				AFD111812979816300193173 /* Spark.sks */,
			);
			path = ParticleEffects;
			sourceTree = "<group>";
		};
/* End PBXGroup section */

/* Begin PBXNativeTarget section */
		AFD1115829797E6200193173 /* ParticleEffects */ = {
			isa = PBXNativeTarget;
			buildConfigurationList = AFD1117029797E6200193173 /* Build configuration list for PBXNativeTarget "ParticleEffects" */;
			buildPhases = (
				AFD1115529797E6200193173 /* Sources */,
				AFD1115629797E6200193173 /* Frameworks */,
				AFD1115729797E6200193173 /* Resources */,
			);
			buildRules = (
			);
			dependencies = (
			);
			name = ParticleEffects;
			productName = ParticleEffects;
			productReference = AFD1115929797E6200193173 /* ParticleEffects.app */;
			productType = "com.apple.product-type.application";
		};
/* End PBXNativeTarget section */

/* Begin PBXProject section */
		AFD1115129797E6200193173 /* Project object */ = {
			isa = PBXProject;
			attributes = {
				BuildIndependentTargetsInParallel = 1;
				LastSwiftUpdateCheck = 1420;
				LastUpgradeCheck = 1420;
				TargetAttributes = {
					AFD1115829797E6200193173 = {
						CreatedOnToolsVersion = 14.2;
					};
				};
			};
			buildConfigurationList = AFD1115429797E6200193173 /* Build configuration list for PBXProject "ParticleEffects" */;
			compatibilityVersion = "Xcode 14.0";
			developmentRegion = en;
			hasScannedForEncodings = 0;
			knownRegions = (
				en,
				Base,
			);
			mainGroup = AFD1115029797E6200193173;
			productRefGroup = AFD1115A29797E6200193173 /* Products */;
			projectDirPath = "";
			projectRoot = "";
			targets = (
				AFD1115829797E6200193173 /* ParticleEffects */,
			);
		};
/* End PBXProject section */

/* Begin PBXResourcesBuildPhase section */
		AFD1115729797E6200193173 /* Resources */ = {
			isa = PBXResourcesBuildPhase;
			buildActionMask = 2147483647;
			files = (
				AFD1116829797E6200193173 /* Main.storyboard in Resources */,
				AFD1117C2979812100193173 /* Rain.sks in Resources */,
				AFD1117429797EDE00193173 /* Bokeh.sks in Resources */,
				AFD1116A29797E6200193173 /* Assets.xcassets in Resources */,
				AFD1117A2979810B00193173 /* Magic.sks in Resources */,
				AFD111782979806000193173 /* Fireflies.sks in Resources */,
				AFD1117629797EF600193173 /* Fire.sks in Resources */,
				AFD1116D29797E6200193173 /* LaunchScreen.storyboard in Resources */,
				AFD111822979816300193173 /* Spark.sks in Resources */,
				AFD111802979815100193173 /* Snow.sks in Resources */,
				AFD1117E2979813700193173 /* Smoke.sks in Resources */,
			);
			runOnlyForDeploymentPostprocessing = 0;
		};
/* End PBXResourcesBuildPhase section */

/* Begin PBXSourcesBuildPhase section */
		AFD1115529797E6200193173 /* Sources */ = {
			isa = PBXSourcesBuildPhase;
			buildActionMask = 2147483647;
			files = (
				AFD111862979837800193173 /* GameScene.swift in Sources */,
				AFD1116529797E6200193173 /* GameViewController.swift in Sources */,
				AFD1115D29797E6200193173 /* AppDelegate.swift in Sources */,
			);
			runOnlyForDeploymentPostprocessing = 0;
		};
/* End PBXSourcesBuildPhase section */

/* Begin PBXVariantGroup section */
		AFD1116629797E6200193173 /* Main.storyboard */ = {
			isa = PBXVariantGroup;
			children = (
				AFD1116729797E6200193173 /* Base */,
			);
			name = Main.storyboard;
			sourceTree = "<group>";
		};
		AFD1116B29797E6200193173 /* LaunchScreen.storyboard */ = {
			isa = PBXVariantGroup;
			children = (
				AFD1116C29797E6200193173 /* Base */,
			);
			name = LaunchScreen.storyboard;
			sourceTree = "<group>";
		};
/* End PBXVariantGroup section */

/* Begin XCBuildConfiguration section */
		AFD1116E29797E6200193173 /* Debug */ = {
			isa = XCBuildConfiguration;
			buildSettings = {
				ALWAYS_SEARCH_USER_PATHS = NO;
				CLANG_ANALYZER_NONNULL = YES;
				CLANG_ANALYZER_NUMBER_OBJECT_CONVERSION = YES_AGGRESSIVE;
				CLANG_CXX_LANGUAGE_STANDARD = "gnu++20";
				CLANG_ENABLE_MODULES = YES;
				CLANG_ENABLE_OBJC_ARC = YES;
				CLANG_ENABLE_OBJC_WEAK = YES;
				CLANG_WARN_BLOCK_CAPTURE_AUTORELEASING = YES;
				CLANG_WARN_BOOL_CONVERSION = YES;
				CLANG_WARN_COMMA = YES;
				CLANG_WARN_CONSTANT_CONVERSION = YES;
				CLANG_WARN_DEPRECATED_OBJC_IMPLEMENTATIONS = YES;
				CLANG_WARN_DIRECT_OBJC_ISA_USAGE = YES_ERROR;
				CLANG_WARN_DOCUMENTATION_COMMENTS = YES;
				CLANG_WARN_EMPTY_BODY = YES;
				CLANG_WARN_ENUM_CONVERSION = YES;
				CLANG_WARN_INFINITE_RECURSION = YES;
				CLANG_WARN_INT_CONVERSION = YES;
				CLANG_WARN_NON_LITERAL_NULL_CONVERSION = YES;
				CLANG_WARN_OBJC_IMPLICIT_RETAIN_SELF = YES;
				CLANG_WARN_OBJC_LITERAL_CONVERSION = YES;
				CLANG_WARN_OBJC_ROOT_CLASS = YES_ERROR;
				CLANG_WARN_QUOTED_INCLUDE_IN_FRAMEWORK_HEADER = YES;
				CLANG_WARN_RANGE_LOOP_ANALYSIS = YES;
				CLANG_WARN_STRICT_PROTOTYPES = YES;
				CLANG_WARN_SUSPICIOUS_MOVE = YES;
				CLANG_WARN_UNGUARDED_AVAILABILITY = YES_AGGRESSIVE;
				CLANG_WARN_UNREACHABLE_CODE = YES;
				CLANG_WARN__DUPLICATE_METHOD_MATCH = YES;
				COPY_PHASE_STRIP = NO;
				DEBUG_INFORMATION_FORMAT = dwarf;
				ENABLE_STRICT_OBJC_MSGSEND = YES;
				ENABLE_TESTABILITY = YES;
				GCC_C_LANGUAGE_STANDARD = gnu11;
				GCC_DYNAMIC_NO_PIC = NO;
				GCC_NO_COMMON_BLOCKS = YES;
				GCC_OPTIMIZATION_LEVEL = 0;
				GCC_PREPROCESSOR_DEFINITIONS = (
					"DEBUG=1",
					"$(inherited)",
				);
				GCC_WARN_64_TO_32_BIT_CONVERSION = YES;
				GCC_WARN_ABOUT_RETURN_TYPE = YES_ERROR;
				GCC_WARN_UNDECLARED_SELECTOR = YES;
				GCC_WARN_UNINITIALIZED_AUTOS = YES_AGGRESSIVE;
				GCC_WARN_UNUSED_FUNCTION = YES;
				GCC_WARN_UNUSED_VARIABLE = YES;
				IPHONEOS_DEPLOYMENT_TARGET = 16.2;
				MTL_ENABLE_DEBUG_INFO = INCLUDE_SOURCE;
				MTL_FAST_MATH = YES;
				ONLY_ACTIVE_ARCH = YES;
				SDKROOT = iphoneos;
				SWIFT_ACTIVE_COMPILATION_CONDITIONS = DEBUG;
				SWIFT_OPTIMIZATION_LEVEL = "-Onone";
			};
			name = Debug;
		};
		AFD1116F29797E6200193173 /* Release */ = {
			isa = XCBuildConfiguration;
			buildSettings = {
				ALWAYS_SEARCH_USER_PATHS = NO;
				CLANG_ANALYZER_NONNULL = YES;
				CLANG_ANALYZER_NUMBER_OBJECT_CONVERSION = YES_AGGRESSIVE;
				CLANG_CXX_LANGUAGE_STANDARD = "gnu++20";
				CLANG_ENABLE_MODULES = YES;
				CLANG_ENABLE_OBJC_ARC = YES;
				CLANG_ENABLE_OBJC_WEAK = YES;
				CLANG_WARN_BLOCK_CAPTURE_AUTORELEASING = YES;
				CLANG_WARN_BOOL_CONVERSION = YES;
				CLANG_WARN_COMMA = YES;
				CLANG_WARN_CONSTANT_CONVERSION = YES;
				CLANG_WARN_DEPRECATED_OBJC_IMPLEMENTATIONS = YES;
				CLANG_WARN_DIRECT_OBJC_ISA_USAGE = YES_ERROR;
				CLANG_WARN_DOCUMENTATION_COMMENTS = YES;
				CLANG_WARN_EMPTY_BODY = YES;
				CLANG_WARN_ENUM_CONVERSION = YES;
				CLANG_WARN_INFINITE_RECURSION = YES;
				CLANG_WARN_INT_CONVERSION = YES;
				CLANG_WARN_NON_LITERAL_NULL_CONVERSION = YES;
				CLANG_WARN_OBJC_IMPLICIT_RETAIN_SELF = YES;
				CLANG_WARN_OBJC_LITERAL_CONVERSION = YES;
				CLANG_WARN_OBJC_ROOT_CLASS = YES_ERROR;
				CLANG_WARN_QUOTED_INCLUDE_IN_FRAMEWORK_HEADER = YES;
				CLANG_WARN_RANGE_LOOP_ANALYSIS = YES;
				CLANG_WARN_STRICT_PROTOTYPES = YES;
				CLANG_WARN_SUSPICIOUS_MOVE = YES;
				CLANG_WARN_UNGUARDED_AVAILABILITY = YES_AGGRESSIVE;
				CLANG_WARN_UNREACHABLE_CODE = YES;
				CLANG_WARN__DUPLICATE_METHOD_MATCH = YES;
				COPY_PHASE_STRIP = NO;
				DEBUG_INFORMATION_FORMAT = "dwarf-with-dsym";
				ENABLE_NS_ASSERTIONS = NO;
				ENABLE_STRICT_OBJC_MSGSEND = YES;
				GCC_C_LANGUAGE_STANDARD = gnu11;
				GCC_NO_COMMON_BLOCKS = YES;
				GCC_WARN_64_TO_32_BIT_CONVERSION = YES;
				GCC_WARN_ABOUT_RETURN_TYPE = YES_ERROR;
				GCC_WARN_UNDECLARED_SELECTOR = YES;
				GCC_WARN_UNINITIALIZED_AUTOS = YES_AGGRESSIVE;
				GCC_WARN_UNUSED_FUNCTION = YES;
				GCC_WARN_UNUSED_VARIABLE = YES;
				IPHONEOS_DEPLOYMENT_TARGET = 16.2;
				MTL_ENABLE_DEBUG_INFO = NO;
				MTL_FAST_MATH = YES;
				SDKROOT = iphoneos;
				SWIFT_COMPILATION_MODE = wholemodule;
				SWIFT_OPTIMIZATION_LEVEL = "-O";
				VALIDATE_PRODUCT = YES;
			};
			name = Release;
		};
		AFD1117129797E6200193173 /* Debug */ = {
			isa = XCBuildConfiguration;
			buildSettings = {
				ASSETCATALOG_COMPILER_APPICON_NAME = AppIcon;
				ASSETCATALOG_COMPILER_GLOBAL_ACCENT_COLOR_NAME = AccentColor;
				CODE_SIGN_STYLE = Automatic;
				CURRENT_PROJECT_VERSION = 1;
				GENERATE_INFOPLIST_FILE = YES;
				INFOPLIST_KEY_UIApplicationSupportsIndirectInputEvents = YES;
				INFOPLIST_KEY_UILaunchStoryboardName = LaunchScreen;
				INFOPLIST_KEY_UIMainStoryboardFile = Main;
				INFOPLIST_KEY_UIStatusBarHidden = YES;
				INFOPLIST_KEY_UISupportedInterfaceOrientations_iPad = "UIInterfaceOrientationPortrait UIInterfaceOrientationPortraitUpsideDown UIInterfaceOrientationLandscapeLeft UIInterfaceOrientationLandscapeRight";
				INFOPLIST_KEY_UISupportedInterfaceOrientations_iPhone = "UIInterfaceOrientationPortrait UIInterfaceOrientationLandscapeLeft UIInterfaceOrientationLandscapeRight";
				LD_RUNPATH_SEARCH_PATHS = (
					"$(inherited)",
					"@executable_path/Frameworks",
				);
				MARKETING_VERSION = 1.0;
				PRODUCT_BUNDLE_IDENTIFIER = com.Humber.ParticleEffects;
				PRODUCT_NAME = "$(TARGET_NAME)";
				SWIFT_EMIT_LOC_STRINGS = YES;
				SWIFT_VERSION = 5.0;
				TARGETED_DEVICE_FAMILY = "1,2";
			};
			name = Debug;
		};
		AFD1117229797E6200193173 /* Release */ = {
			isa = XCBuildConfiguration;
			buildSettings = {
				ASSETCATALOG_COMPILER_APPICON_NAME = AppIcon;
				ASSETCATALOG_COMPILER_GLOBAL_ACCENT_COLOR_NAME = AccentColor;
				CODE_SIGN_STYLE = Automatic;
				CURRENT_PROJECT_VERSION = 1;
				GENERATE_INFOPLIST_FILE = YES;
				INFOPLIST_KEY_UIApplicationSupportsIndirectInputEvents = YES;
				INFOPLIST_KEY_UILaunchStoryboardName = LaunchScreen;
				INFOPLIST_KEY_UIMainStoryboardFile = Main;
				INFOPLIST_KEY_UIStatusBarHidden = YES;
				INFOPLIST_KEY_UISupportedInterfaceOrientations_iPad = "UIInterfaceOrientationPortrait UIInterfaceOrientationPortraitUpsideDown UIInterfaceOrientationLandscapeLeft UIInterfaceOrientationLandscapeRight";
				INFOPLIST_KEY_UISupportedInterfaceOrientations_iPhone = "UIInterfaceOrientationPortrait UIInterfaceOrientationLandscapeLeft UIInterfaceOrientationLandscapeRight";
				LD_RUNPATH_SEARCH_PATHS = (
					"$(inherited)",
					"@executable_path/Frameworks",
				);
				MARKETING_VERSION = 1.0;
				PRODUCT_BUNDLE_IDENTIFIER = com.Humber.ParticleEffects;
				PRODUCT_NAME = "$(TARGET_NAME)";
				SWIFT_EMIT_LOC_STRINGS = YES;
				SWIFT_VERSION = 5.0;
				TARGETED_DEVICE_FAMILY = "1,2";
			};
			name = Release;
		};
/* End XCBuildConfiguration section */

/* Begin XCConfigurationList section */
		AFD1115429797E6200193173 /* Build configuration list for PBXProject "ParticleEffects" */ = {
			isa = XCConfigurationList;
			buildConfigurations = (
				AFD1116E29797E6200193173 /* Debug */,
				AFD1116F29797E6200193173 /* Release */,
			);
			defaultConfigurationIsVisible = 0;
			defaultConfigurationName = Release;
		};
		AFD1117029797E6200193173 /* Build configuration list for PBXNativeTarget "ParticleEffects" */ = {
			isa = XCConfigurationList;
			buildConfigurations = (
				AFD1117129797E6200193173 /* Debug */,
				AFD1117229797E6200193173 /* Release */,
			);
			defaultConfigurationIsVisible = 0;
			defaultConfigurationName = Release;
		};
/* End XCConfigurationList section */
	};
	rootObject = AFD1115129797E6200193173 /* Project object */;
}
